{
  "name": "command-line-pong",
  "version": "1.4.1",
  "lockfileVersion": 1,
  "requires": true,
  "dependencies": {
    "command-line-draw": {
      "version": "1.2.2",
      "resolved": "https://registry.npmjs.org/command-line-draw/-/command-line-draw-1.2.2.tgz",
      "integrity": "sha512-jJ/yDon82XfhUU/Cg2qdO2AHzLT1nq524iaCh5ux5OTDj0pn82jzcFflZCR7U0wHJruoDpqd5cQUbfCqq0hXEA=="
    }
  }
}
